
Microsoft Visual Studio Solution File, Format Version 12.00
# Visual Studio 15
VisualStudioVersion = 15.0.27428.2015
MinimumVisualStudioVersion = 10.0.40219.1
Project("{FAE04EC0-301F-11D3-BF4B-00C04F79EFBC}") = "OOP_Lab_2_Tag", "OOP_Lab_2_Tag\OOP_Lab_2_Tag.csproj", "{5613B4ED-AE6B-46CA-85E1-7A0FD965949D}"
EndProject
Project("{FAE04EC0-301F-11D3-BF4B-00C04F79EFBC}") = "Tests", "Tests\Tests.csproj", "{A283F56B-974E-49BA-BD23-E96C51220599}"
EndProject
Global
	GlobalSection(SolutionConfigurationPlatforms) = preSolution
		Debug|Any CPU = Debug|Any CPU
		Release|Any CPU = Release|Any CPU
	EndGlobalSection
	GlobalSection(ProjectConfigurationPlatforms) = postSolution
		{5613B4ED-AE6B-46CA-85E1-7A0FD965949D}.Debug|Any CPU.ActiveCfg = Debug|Any CPU
		{5613B4ED-AE6B-46CA-85E1-7A0FD965949D}.Debug|Any CPU.Build.0 = Debug|Any CPU
		{5613B4ED-AE6B-46CA-85E1-7A0FD965949D}.Release|Any CPU.ActiveCfg = Release|Any CPU
		{5613B4ED-AE6B-46CA-85E1-7A0FD965949D}.Release|Any CPU.Build.0 = Release|Any CPU
		{A283F56B-974E-49BA-BD23-E96C51220599}.Debug|Any CPU.ActiveCfg = Debug|Any CPU
		{A283F56B-974E-49BA-BD23-E96C51220599}.Debug|Any CPU.Build.0 = Debug|Any CPU
		{A283F56B-974E-49BA-BD23-E96C51220599}.Release|Any CPU.ActiveCfg = Release|Any CPU
		{A283F56B-974E-49BA-BD23-E96C51220599}.Release|Any CPU.Build.0 = Release|Any CPU
	EndGlobalSection
	GlobalSection(SolutionProperties) = preSolution
		HideSolutionNode = FALSE
	EndGlobalSection
	GlobalSection(ExtensibilityGlobals) = postSolution
		SolutionGuid = {49BA43BF-C2F7-4FAB-AD79-03CBCA12A406}
	EndGlobalSection
EndGlobal
